
Microsoft Visual Studio Solution File, Format Version 12.00
# Visual Studio 15
VisualStudioVersion = 15.0.26730.12
MinimumVisualStudioVersion = 10.0.40219.1
Project("{9A19103F-16F7-4668-BE54-9A1E7A4F7556}") = "API_LETA", "API_LETA\API_LETA.csproj", "{8869FC16-D399-4951-B0B2-D35285F8CDF5}"
EndProject
Global
	GlobalSection(SolutionConfigurationPlatforms) = preSolution
		Debug|Any CPU = Debug|Any CPU
		Release|Any CPU = Release|Any CPU
	EndGlobalSection
	GlobalSection(ProjectConfigurationPlatforms) = postSolution
		{8869FC16-D399-4951-B0B2-D35285F8CDF5}.Debug|Any CPU.ActiveCfg = Debug|Any CPU
		{8869FC16-D399-4951-B0B2-D35285F8CDF5}.Debug|Any CPU.Build.0 = Debug|Any CPU
		{8869FC16-D399-4951-B0B2-D35285F8CDF5}.Release|Any CPU.ActiveCfg = Release|Any CPU
		{8869FC16-D399-4951-B0B2-D35285F8CDF5}.Release|Any CPU.Build.0 = Release|Any CPU
	EndGlobalSection
	GlobalSection(SolutionProperties) = preSolution
		HideSolutionNode = FALSE
	EndGlobalSection
	GlobalSection(ExtensibilityGlobals) = postSolution
		SolutionGuid = {503EC408-DA9A-44C6-BC38-55CF10E6023B}
	EndGlobalSection
EndGlobal
